
Microsoft Visual Studio Solution File, Format Version 12.00
# Visual Studio Version 17
VisualStudioVersion = 17.7.34024.191
MinimumVisualStudioVersion = 10.0.40219.1
Project("{FAE04EC0-301F-11D3-BF4B-00C04F79EFBC}") = "BasicKryptographieMethods", "BasicKryptographieMethods\BasicKryptographieMethods.csproj", "{21D66D40-3EF4-4CE1-B1F8-33677774B40A}"
EndProject
Global
	GlobalSection(SolutionConfigurationPlatforms) = preSolution
		Debug|Any CPU = Debug|Any CPU
		Release|Any CPU = Release|Any CPU
	EndGlobalSection
	GlobalSection(ProjectConfigurationPlatforms) = postSolution
		{21D66D40-3EF4-4CE1-B1F8-33677774B40A}.Debug|Any CPU.ActiveCfg = Debug|Any CPU
		{21D66D40-3EF4-4CE1-B1F8-33677774B40A}.Debug|Any CPU.Build.0 = Debug|Any CPU
		{21D66D40-3EF4-4CE1-B1F8-33677774B40A}.Release|Any CPU.ActiveCfg = Release|Any CPU
		{21D66D40-3EF4-4CE1-B1F8-33677774B40A}.Release|Any CPU.Build.0 = Release|Any CPU
	EndGlobalSection
	GlobalSection(SolutionProperties) = preSolution
		HideSolutionNode = FALSE
	EndGlobalSection
	GlobalSection(ExtensibilityGlobals) = postSolution
		SolutionGuid = {7D7A38AD-5407-48DE-8C8A-875F15067511}
	EndGlobalSection
EndGlobal
